
Microsoft Visual Studio Solution File, Format Version 12.00
# Visual Studio Version 17
VisualStudioVersion = 17.7.34009.444
MinimumVisualStudioVersion = 10.0.40219.1
Project("{FAE04EC0-301F-11D3-BF4B-00C04F79EFBC}") = "sample_Mr_Roy", "sample_Mr_Roy\sample_Mr_Roy.csproj", "{6204C50E-D7E3-435F-8608-BB9BC83ACE84}"
EndProject
Global
	GlobalSection(SolutionConfigurationPlatforms) = preSolution
		Debug|Any CPU = Debug|Any CPU
		Release|Any CPU = Release|Any CPU
	EndGlobalSection
	GlobalSection(ProjectConfigurationPlatforms) = postSolution
		{6204C50E-D7E3-435F-8608-BB9BC83ACE84}.Debug|Any CPU.ActiveCfg = Debug|Any CPU
		{6204C50E-D7E3-435F-8608-BB9BC83ACE84}.Debug|Any CPU.Build.0 = Debug|Any CPU
		{6204C50E-D7E3-435F-8608-BB9BC83ACE84}.Release|Any CPU.ActiveCfg = Release|Any CPU
		{6204C50E-D7E3-435F-8608-BB9BC83ACE84}.Release|Any CPU.Build.0 = Release|Any CPU
	EndGlobalSection
	GlobalSection(SolutionProperties) = preSolution
		HideSolutionNode = FALSE
	EndGlobalSection
	GlobalSection(ExtensibilityGlobals) = postSolution
		SolutionGuid = {72CB9771-B63D-469E-8897-C1A414E4B437}
	EndGlobalSection
EndGlobal
